
Microsoft Visual Studio Solution File, Format Version 12.00
Project("{FAE04EC0-301F-11D3-BF4B-00C04F79EFBC}") = "QuestionAndAnswer", "QuestionAndAnswer\QuestionAndAnswer.csproj", "{C8702E66-B8D0-4D50-A401-1525E10986E1}"
EndProject
Project("{FAE04EC0-301F-11D3-BF4B-00C04F79EFBC}") = "QuestionAndAnswer.Persistence", "QuestionAndAnswer.Persistence\QuestionAndAnswer.Persistence.csproj", "{DB53F972-C8C2-4A0C-9934-F0709A6EF48C}"
EndProject
Project("{FAE04EC0-301F-11D3-BF4B-00C04F79EFBC}") = "QuestionAndAnswer.Domain", "QuestionAndAnswer.Domain\QuestionAndAnswer.Domain.csproj", "{5B76552C-5492-41E8-853F-5B72F76ED3F3}"
EndProject
Project("{FAE04EC0-301F-11D3-BF4B-00C04F79EFBC}") = "QuestionAndAnswer.Application", "QuestionAndAnswer.Application\QuestionAndAnswer.Application.csproj", "{9BDF5C1B-2ADB-4CD1-9921-2F910E130E40}"
EndProject
Project("{FAE04EC0-301F-11D3-BF4B-00C04F79EFBC}") = "QuestionAndAnswer.Infrastracture", "QuestionAndAnswer.Infrastracture\QuestionAndAnswer.Infrastracture.csproj", "{5494F034-0AB0-48EE-BE1D-C8901AF1AC4E}"
EndProject
Global
	GlobalSection(SolutionConfigurationPlatforms) = preSolution
		Debug|Any CPU = Debug|Any CPU
		Release|Any CPU = Release|Any CPU
	EndGlobalSection
	GlobalSection(ProjectConfigurationPlatforms) = postSolution
		{C8702E66-B8D0-4D50-A401-1525E10986E1}.Debug|Any CPU.ActiveCfg = Debug|Any CPU
		{C8702E66-B8D0-4D50-A401-1525E10986E1}.Debug|Any CPU.Build.0 = Debug|Any CPU
		{C8702E66-B8D0-4D50-A401-1525E10986E1}.Release|Any CPU.ActiveCfg = Release|Any CPU
		{C8702E66-B8D0-4D50-A401-1525E10986E1}.Release|Any CPU.Build.0 = Release|Any CPU
		{DB53F972-C8C2-4A0C-9934-F0709A6EF48C}.Debug|Any CPU.ActiveCfg = Debug|Any CPU
		{DB53F972-C8C2-4A0C-9934-F0709A6EF48C}.Debug|Any CPU.Build.0 = Debug|Any CPU
		{DB53F972-C8C2-4A0C-9934-F0709A6EF48C}.Release|Any CPU.ActiveCfg = Release|Any CPU
		{DB53F972-C8C2-4A0C-9934-F0709A6EF48C}.Release|Any CPU.Build.0 = Release|Any CPU
		{5B76552C-5492-41E8-853F-5B72F76ED3F3}.Debug|Any CPU.ActiveCfg = Debug|Any CPU
		{5B76552C-5492-41E8-853F-5B72F76ED3F3}.Debug|Any CPU.Build.0 = Debug|Any CPU
		{5B76552C-5492-41E8-853F-5B72F76ED3F3}.Release|Any CPU.ActiveCfg = Release|Any CPU
		{5B76552C-5492-41E8-853F-5B72F76ED3F3}.Release|Any CPU.Build.0 = Release|Any CPU
		{9BDF5C1B-2ADB-4CD1-9921-2F910E130E40}.Debug|Any CPU.ActiveCfg = Debug|Any CPU
		{9BDF5C1B-2ADB-4CD1-9921-2F910E130E40}.Debug|Any CPU.Build.0 = Debug|Any CPU
		{9BDF5C1B-2ADB-4CD1-9921-2F910E130E40}.Release|Any CPU.ActiveCfg = Release|Any CPU
		{9BDF5C1B-2ADB-4CD1-9921-2F910E130E40}.Release|Any CPU.Build.0 = Release|Any CPU
		{5494F034-0AB0-48EE-BE1D-C8901AF1AC4E}.Debug|Any CPU.ActiveCfg = Debug|Any CPU
		{5494F034-0AB0-48EE-BE1D-C8901AF1AC4E}.Debug|Any CPU.Build.0 = Debug|Any CPU
		{5494F034-0AB0-48EE-BE1D-C8901AF1AC4E}.Release|Any CPU.ActiveCfg = Release|Any CPU
		{5494F034-0AB0-48EE-BE1D-C8901AF1AC4E}.Release|Any CPU.Build.0 = Release|Any CPU
	EndGlobalSection
EndGlobal
